// !$*UTF8*$!
{
	archiveVersion = 1;
	classes = {
	};
	objectVersion = 53;
	objects = {

/* Begin PBXBuildFile section */
		25B39C45275FFE6E00D70102 /* australia.mp4 in Resources */ = {isa = PBXBuildFile; fileRef = 25B39C44275FFE6E00D70102 /* australia.mp4 */; };
		25C6CF182736B35900963586 /* AppDelegate.swift in Sources */ = {isa = PBXBuildFile; fileRef = 25C6CF172736B35900963586 /* AppDelegate.swift */; };
		25C6CF1A2736B35900963586 /* art.scnassets in Resources */ = {isa = PBXBuildFile; fileRef = 25C6CF192736B35900963586 /* art.scnassets */; };
		25C6CF1C2736B35900963586 /* ViewController.swift in Sources */ = {isa = PBXBuildFile; fileRef = 25C6CF1B2736B35900963586 /* ViewController.swift */; };
		25C6CF1F2736B35900963586 /* Main.storyboard in Resources */ = {isa = PBXBuildFile; fileRef = 25C6CF1D2736B35900963586 /* Main.storyboard */; };
		25C6CF212736B35900963586 /* Assets.xcassets in Resources */ = {isa = PBXBuildFile; fileRef = 25C6CF202736B35900963586 /* Assets.xcassets */; };
		25C6CF242736B35900963586 /* LaunchScreen.storyboard in Resources */ = {isa = PBXBuildFile; fileRef = 25C6CF222736B35900963586 /* LaunchScreen.storyboard */; };
		25C6CF2E2736B35900963586 /* arworldmapTests.swift in Sources */ = {isa = PBXBuildFile; fileRef = 25C6CF2D2736B35900963586 /* arworldmapTests.swift */; };
		25C6CF382736B35900963586 /* arworldmapUITests.swift in Sources */ = {isa = PBXBuildFile; fileRef = 25C6CF372736B35900963586 /* arworldmapUITests.swift */; };
		25C6CF3A2736B35900963586 /* arworldmapUITestsLaunchTests.swift in Sources */ = {isa = PBXBuildFile; fileRef = 25C6CF392736B35900963586 /* arworldmapUITestsLaunchTests.swift */; };
/* End PBXBuildFile section */

/* Begin PBXContainerItemProxy section */
		25C6CF2A2736B35900963586 /* PBXContainerItemProxy */ = {
			isa = PBXContainerItemProxy;
			containerPortal = 25C6CF0C2736B35900963586 /* Project object */;
			proxyType = 1;
			remoteGlobalIDString = 25C6CF132736B35900963586;
			remoteInfo = arworldmap;
		};
		25C6CF342736B35900963586 /* PBXContainerItemProxy */ = {
			isa = PBXContainerItemProxy;
			containerPortal = 25C6CF0C2736B35900963586 /* Project object */;
			proxyType = 1;
			remoteGlobalIDString = 25C6CF132736B35900963586;
			remoteInfo = arworldmap;
		};
/* End PBXContainerItemProxy section */

/* Begin PBXFileReference section */
		25B39C44275FFE6E00D70102 /* australia.mp4 */ = {isa = PBXFileReference; lastKnownFileType = file; path = australia.mp4; sourceTree = "<group>"; };
		25C6CF142736B35900963586 /* arworldmap.app */ = {isa = PBXFileReference; explicitFileType = wrapper.application; includeInIndex = 0; path = arworldmap.app; sourceTree = BUILT_PRODUCTS_DIR; };
		25C6CF172736B35900963586 /* AppDelegate.swift */ = {isa = PBXFileReference; lastKnownFileType = sourcecode.swift; path = AppDelegate.swift; sourceTree = "<group>"; };
		25C6CF192736B35900963586 /* art.scnassets */ = {isa = PBXFileReference; lastKnownFileType = wrapper.scnassets; path = art.scnassets; sourceTree = "<group>"; };
		25C6CF1B2736B35900963586 /* ViewController.swift */ = {isa = PBXFileReference; lastKnownFileType = sourcecode.swift; path = ViewController.swift; sourceTree = "<group>"; };
		25C6CF1E2736B35900963586 /* Base */ = {isa = PBXFileReference; lastKnownFileType = file.storyboard; name = Base; path = Base.lproj/Main.storyboard; sourceTree = "<group>"; };
		25C6CF202736B35900963586 /* Assets.xcassets */ = {isa = PBXFileReference; lastKnownFileType = folder.assetcatalog; path = Assets.xcassets; sourceTree = "<group>"; };
		25C6CF232736B35900963586 /* Base */ = {isa = PBXFileReference; lastKnownFileType = file.storyboard; name = Base; path = Base.lproj/LaunchScreen.storyboard; sourceTree = "<group>"; };
		25C6CF292736B35900963586 /* arworldmapTests.xctest */ = {isa = PBXFileReference; explicitFileType = wrapper.cfbundle; includeInIndex = 0; path = arworldmapTests.xctest; sourceTree = BUILT_PRODUCTS_DIR; };
		25C6CF2D2736B35900963586 /* arworldmapTests.swift */ = {isa = PBXFileReference; lastKnownFileType = sourcecode.swift; path = arworldmapTests.swift; sourceTree = "<group>"; };
		25C6CF332736B35900963586 /* arworldmapUITests.xctest */ = {isa = PBXFileReference; explicitFileType = wrapper.cfbundle; includeInIndex = 0; path = arworldmapUITests.xctest; sourceTree = BUILT_PRODUCTS_DIR; };
		25C6CF372736B35900963586 /* arworldmapUITests.swift */ = {isa = PBXFileReference; lastKnownFileType = sourcecode.swift; path = arworldmapUITests.swift; sourceTree = "<group>"; };
		25C6CF392736B35900963586 /* arworldmapUITestsLaunchTests.swift */ = {isa = PBXFileReference; lastKnownFileType = sourcecode.swift; path = arworldmapUITestsLaunchTests.swift; sourceTree = "<group>"; };
		25C6CF462736B62100963586 /* Info.plist */ = {isa = PBXFileReference; lastKnownFileType = text.plist; path = Info.plist; sourceTree = "<group>"; };
/* End PBXFileReference section */

/* Begin PBXFrameworksBuildPhase section */
		25C6CF112736B35900963586 /* Frameworks */ = {
			isa = PBXFrameworksBuildPhase;
			buildActionMask = 2147483647;
			files = (
			);
			runOnlyForDeploymentPostprocessing = 0;
		};
		25C6CF262736B35900963586 /* Frameworks */ = {
			isa = PBXFrameworksBuildPhase;
			buildActionMask = 2147483647;
			files = (
			);
			runOnlyForDeploymentPostprocessing = 0;
		};
		25C6CF302736B35900963586 /* Frameworks */ = {
			isa = PBXFrameworksBuildPhase;
			buildActionMask = 2147483647;
			files = (
			);
			runOnlyForDeploymentPostprocessing = 0;
		};
/* End PBXFrameworksBuildPhase section */

/* Begin PBXGroup section */
		25C6CF0B2736B35900963586 = {
			isa = PBXGroup;
			children = (
				25C6CF162736B35900963586 /* arworldmap */,
				25C6CF2C2736B35900963586 /* arworldmapTests */,
				25C6CF362736B35900963586 /* arworldmapUITests */,
				25C6CF152736B35900963586 /* Products */,
			);
			sourceTree = "<group>";
		};
		25C6CF152736B35900963586 /* Products */ = {
			isa = PBXGroup;
			children = (
				25C6CF142736B35900963586 /* arworldmap.app */,
				25C6CF292736B35900963586 /* arworldmapTests.xctest */,
				25C6CF332736B35900963586 /* arworldmapUITests.xctest */,
			);
			name = Products;
			sourceTree = "<group>";
		};
		25C6CF162736B35900963586 /* arworldmap */ = {
			isa = PBXGroup;
			children = (
				25B39C44275FFE6E00D70102 /* australia.mp4 */,
				25C6CF462736B62100963586 /* Info.plist */,
				25C6CF172736B35900963586 /* AppDelegate.swift */,
				25C6CF192736B35900963586 /* art.scnassets */,
				25C6CF1B2736B35900963586 /* ViewController.swift */,
				25C6CF1D2736B35900963586 /* Main.storyboard */,
				25C6CF202736B35900963586 /* Assets.xcassets */,
				25C6CF222736B35900963586 /* LaunchScreen.storyboard */,
			);
			path = arworldmap;
			sourceTree = "<group>";
		};
		25C6CF2C2736B35900963586 /* arworldmapTests */ = {
			isa = PBXGroup;
			children = (
				25C6CF2D2736B35900963586 /* arworldmapTests.swift */,
			);
			path = arworldmapTests;
			sourceTree = "<group>";
		};
		25C6CF362736B35900963586 /* arworldmapUITests */ = {
			isa = PBXGroup;
			children = (
				25C6CF372736B35900963586 /* arworldmapUITests.swift */,
				25C6CF392736B35900963586 /* arworldmapUITestsLaunchTests.swift */,
			);
			path = arworldmapUITests;
			sourceTree = "<group>";
		};
/* End PBXGroup section */

/* Begin PBXNativeTarget section */
		25C6CF132736B35900963586 /* arworldmap */ = {
			isa = PBXNativeTarget;
			buildConfigurationList = 25C6CF3D2736B35900963586 /* Build configuration list for PBXNativeTarget "arworldmap" */;
			buildPhases = (
				25C6CF102736B35900963586 /* Sources */,
				25C6CF112736B35900963586 /* Frameworks */,
				25C6CF122736B35900963586 /* Resources */,
			);
			buildRules = (
			);
			dependencies = (
			);
			name = arworldmap;
			productName = arworldmap;
			productReference = 25C6CF142736B35900963586 /* arworldmap.app */;
			productType = "com.apple.product-type.application";
		};
		25C6CF282736B35900963586 /* arworldmapTests */ = {
			isa = PBXNativeTarget;
			buildConfigurationList = 25C6CF402736B35900963586 /* Build configuration list for PBXNativeTarget "arworldmapTests" */;
			buildPhases = (
				25C6CF252736B35900963586 /* Sources */,
				25C6CF262736B35900963586 /* Frameworks */,
				25C6CF272736B35900963586 /* Resources */,
			);
			buildRules = (
			);
			dependencies = (
				25C6CF2B2736B35900963586 /* PBXTargetDependency */,
			);
			name = arworldmapTests;
			productName = arworldmapTests;
			productReference = 25C6CF292736B35900963586 /* arworldmapTests.xctest */;
			productType = "com.apple.product-type.bundle.unit-test";
		};
		25C6CF322736B35900963586 /* arworldmapUITests */ = {
			isa = PBXNativeTarget;
			buildConfigurationList = 25C6CF432736B35900963586 /* Build configuration list for PBXNativeTarget "arworldmapUITests" */;
			buildPhases = (
				25C6CF2F2736B35900963586 /* Sources */,
				25C6CF302736B35900963586 /* Frameworks */,
				25C6CF312736B35900963586 /* Resources */,
			);
			buildRules = (
			);
			dependencies = (
				25C6CF352736B35900963586 /* PBXTargetDependency */,
			);
			name = arworldmapUITests;
			productName = arworldmapUITests;
			productReference = 25C6CF332736B35900963586 /* arworldmapUITests.xctest */;
			productType = "com.apple.product-type.bundle.ui-testing";
		};
/* End PBXNativeTarget section */

/* Begin PBXProject section */
		25C6CF0C2736B35900963586 /* Project object */ = {
			isa = PBXProject;
			attributes = {
				BuildIndependentTargetsInParallel = 1;
				LastSwiftUpdateCheck = 1310;
				LastUpgradeCheck = 1310;
				TargetAttributes = {
					25C6CF132736B35900963586 = {
						CreatedOnToolsVersion = 13.1;
					};
					25C6CF282736B35900963586 = {
						CreatedOnToolsVersion = 13.1;
						TestTargetID = 25C6CF132736B35900963586;
					};
					25C6CF322736B35900963586 = {
						CreatedOnToolsVersion = 13.1;
						TestTargetID = 25C6CF132736B35900963586;
					};
				};
			};
			buildConfigurationList = 25C6CF0F2736B35900963586 /* Build configuration list for PBXProject "arworldmap" */;
			compatibilityVersion = "Xcode 10.0";
			developmentRegion = en;
			hasScannedForEncodings = 0;
			knownRegions = (
				en,
				Base,
			);
			mainGroup = 25C6CF0B2736B35900963586;
			productRefGroup = 25C6CF152736B35900963586 /* Products */;
			projectDirPath = "";
			projectRoot = "";
			targets = (
				25C6CF132736B35900963586 /* arworldmap */,
				25C6CF282736B35900963586 /* arworldmapTests */,
				25C6CF322736B35900963586 /* arworldmapUITests */,
			);
		};
/* End PBXProject section */

/* Begin PBXResourcesBuildPhase section */
		25C6CF122736B35900963586 /* Resources */ = {
			isa = PBXResourcesBuildPhase;
			buildActionMask = 2147483647;
			files = (
				25B39C45275FFE6E00D70102 /* australia.mp4 in Resources */,
				25C6CF1A2736B35900963586 /* art.scnassets in Resources */,
				25C6CF242736B35900963586 /* LaunchScreen.storyboard in Resources */,
				25C6CF212736B35900963586 /* Assets.xcassets in Resources */,
				25C6CF1F2736B35900963586 /* Main.storyboard in Resources */,
			);
			runOnlyForDeploymentPostprocessing = 0;
		};
		25C6CF272736B35900963586 /* Resources */ = {
			isa = PBXResourcesBuildPhase;
			buildActionMask = 2147483647;
			files = (
			);
			runOnlyForDeploymentPostprocessing = 0;
		};
		25C6CF312736B35900963586 /* Resources */ = {
			isa = PBXResourcesBuildPhase;
			buildActionMask = 2147483647;
			files = (
			);
			runOnlyForDeploymentPostprocessing = 0;
		};
/* End PBXResourcesBuildPhase section */

/* Begin PBXSourcesBuildPhase section */
		25C6CF102736B35900963586 /* Sources */ = {
			isa = PBXSourcesBuildPhase;
			buildActionMask = 2147483647;
			files = (
				25C6CF1C2736B35900963586 /* ViewController.swift in Sources */,
				25C6CF182736B35900963586 /* AppDelegate.swift in Sources */,
			);
			runOnlyForDeploymentPostprocessing = 0;
		};
		25C6CF252736B35900963586 /* Sources */ = {
			isa = PBXSourcesBuildPhase;
			buildActionMask = 2147483647;
			files = (
				25C6CF2E2736B35900963586 /* arworldmapTests.swift in Sources */,
			);
			runOnlyForDeploymentPostprocessing = 0;
		};
		25C6CF2F2736B35900963586 /* Sources */ = {
			isa = PBXSourcesBuildPhase;
			buildActionMask = 2147483647;
			files = (
				25C6CF382736B35900963586 /* arworldmapUITests.swift in Sources */,
				25C6CF3A2736B35900963586 /* arworldmapUITestsLaunchTests.swift in Sources */,
			);
			runOnlyForDeploymentPostprocessing = 0;
		};
/* End PBXSourcesBuildPhase section */

/* Begin PBXTargetDependency section */
		25C6CF2B2736B35900963586 /* PBXTargetDependency */ = {
			isa = PBXTargetDependency;
			target = 25C6CF132736B35900963586 /* arworldmap */;
			targetProxy = 25C6CF2A2736B35900963586 /* PBXContainerItemProxy */;
		};
		25C6CF352736B35900963586 /* PBXTargetDependency */ = {
			isa = PBXTargetDependency;
			target = 25C6CF132736B35900963586 /* arworldmap */;
			targetProxy = 25C6CF342736B35900963586 /* PBXContainerItemProxy */;
		};
/* End PBXTargetDependency section */

/* Begin PBXVariantGroup section */
		25C6CF1D2736B35900963586 /* Main.storyboard */ = {
			isa = PBXVariantGroup;
			children = (
				25C6CF1E2736B35900963586 /* Base */,
			);
			name = Main.storyboard;
			sourceTree = "<group>";
		};
		25C6CF222736B35900963586 /* LaunchScreen.storyboard */ = {
			isa = PBXVariantGroup;
			children = (
				25C6CF232736B35900963586 /* Base */,
			);
			name = LaunchScreen.storyboard;
			sourceTree = "<group>";
		};
/* End PBXVariantGroup section */

/* Begin XCBuildConfiguration section */
		25C6CF3B2736B35900963586 /* Debug */ = {
			isa = XCBuildConfiguration;
			buildSettings = {
				ALWAYS_SEARCH_USER_PATHS = NO;
				CLANG_ANALYZER_NONNULL = YES;
				CLANG_ANALYZER_NUMBER_OBJECT_CONVERSION = YES_AGGRESSIVE;
				CLANG_CXX_LANGUAGE_STANDARD = "gnu++17";
				CLANG_CXX_LIBRARY = "libc++";
				CLANG_ENABLE_MODULES = YES;
				CLANG_ENABLE_OBJC_ARC = YES;
				CLANG_ENABLE_OBJC_WEAK = YES;
				CLANG_WARN_BLOCK_CAPTURE_AUTORELEASING = YES;
				CLANG_WARN_BOOL_CONVERSION = YES;
				CLANG_WARN_COMMA = YES;
				CLANG_WARN_CONSTANT_CONVERSION = YES;
				CLANG_WARN_DEPRECATED_OBJC_IMPLEMENTATIONS = YES;
				CLANG_WARN_DIRECT_OBJC_ISA_USAGE = YES_ERROR;
				CLANG_WARN_DOCUMENTATION_COMMENTS = YES;
				CLANG_WARN_EMPTY_BODY = YES;
				CLANG_WARN_ENUM_CONVERSION = YES;
				CLANG_WARN_INFINITE_RECURSION = YES;
				CLANG_WARN_INT_CONVERSION = YES;
				CLANG_WARN_NON_LITERAL_NULL_CONVERSION = YES;
				CLANG_WARN_OBJC_IMPLICIT_RETAIN_SELF = YES;
				CLANG_WARN_OBJC_LITERAL_CONVERSION = YES;
				CLANG_WARN_OBJC_ROOT_CLASS = YES_ERROR;
				CLANG_WARN_QUOTED_INCLUDE_IN_FRAMEWORK_HEADER = YES;
				CLANG_WARN_RANGE_LOOP_ANALYSIS = YES;
				CLANG_WARN_STRICT_PROTOTYPES = YES;
				CLANG_WARN_SUSPICIOUS_MOVE = YES;
				CLANG_WARN_UNGUARDED_AVAILABILITY = YES_AGGRESSIVE;
				CLANG_WARN_UNREACHABLE_CODE = YES;
				CLANG_WARN__DUPLICATE_METHOD_MATCH = YES;
				COPY_PHASE_STRIP = NO;
				DEBUG_INFORMATION_FORMAT = dwarf;
				ENABLE_STRICT_OBJC_MSGSEND = YES;
				ENABLE_TESTABILITY = YES;
				GCC_C_LANGUAGE_STANDARD = gnu11;
				GCC_DYNAMIC_NO_PIC = NO;
				GCC_NO_COMMON_BLOCKS = YES;
				GCC_OPTIMIZATION_LEVEL = 0;
				GCC_PREPROCESSOR_DEFINITIONS = (
					"DEBUG=1",
					"$(inherited)",
				);
				GCC_WARN_64_TO_32_BIT_CONVERSION = YES;
				GCC_WARN_ABOUT_RETURN_TYPE = YES_ERROR;
				GCC_WARN_UNDECLARED_SELECTOR = YES;
				GCC_WARN_UNINITIALIZED_AUTOS = YES_AGGRESSIVE;
				GCC_WARN_UNUSED_FUNCTION = YES;
				GCC_WARN_UNUSED_VARIABLE = YES;
				IPHONEOS_DEPLOYMENT_TARGET = 15.0;
				MTL_ENABLE_DEBUG_INFO = INCLUDE_SOURCE;
				MTL_FAST_MATH = YES;
				ONLY_ACTIVE_ARCH = YES;
				SDKROOT = iphoneos;
				SWIFT_ACTIVE_COMPILATION_CONDITIONS = DEBUG;
				SWIFT_OPTIMIZATION_LEVEL = "-Onone";
			};
			name = Debug;
		};
		25C6CF3C2736B35900963586 /* Release */ = {
			isa = XCBuildConfiguration;
			buildSettings = {
				ALWAYS_SEARCH_USER_PATHS = NO;
				CLANG_ANALYZER_NONNULL = YES;
				CLANG_ANALYZER_NUMBER_OBJECT_CONVERSION = YES_AGGRESSIVE;
				CLANG_CXX_LANGUAGE_STANDARD = "gnu++17";
				CLANG_CXX_LIBRARY = "libc++";
				CLANG_ENABLE_MODULES = YES;
				CLANG_ENABLE_OBJC_ARC = YES;
				CLANG_ENABLE_OBJC_WEAK = YES;
				CLANG_WARN_BLOCK_CAPTURE_AUTORELEASING = YES;
				CLANG_WARN_BOOL_CONVERSION = YES;
				CLANG_WARN_COMMA = YES;
				CLANG_WARN_CONSTANT_CONVERSION = YES;
				CLANG_WARN_DEPRECATED_OBJC_IMPLEMENTATIONS = YES;
				CLANG_WARN_DIRECT_OBJC_ISA_USAGE = YES_ERROR;
				CLANG_WARN_DOCUMENTATION_COMMENTS = YES;
				CLANG_WARN_EMPTY_BODY = YES;
				CLANG_WARN_ENUM_CONVERSION = YES;
				CLANG_WARN_INFINITE_RECURSION = YES;
				CLANG_WARN_INT_CONVERSION = YES;
				CLANG_WARN_NON_LITERAL_NULL_CONVERSION = YES;
				CLANG_WARN_OBJC_IMPLICIT_RETAIN_SELF = YES;
				CLANG_WARN_OBJC_LITERAL_CONVERSION = YES;
				CLANG_WARN_OBJC_ROOT_CLASS = YES_ERROR;
				CLANG_WARN_QUOTED_INCLUDE_IN_FRAMEWORK_HEADER = YES;
				CLANG_WARN_RANGE_LOOP_ANALYSIS = YES;
				CLANG_WARN_STRICT_PROTOTYPES = YES;
				CLANG_WARN_SUSPICIOUS_MOVE = YES;
				CLANG_WARN_UNGUARDED_AVAILABILITY = YES_AGGRESSIVE;
				CLANG_WARN_UNREACHABLE_CODE = YES;
				CLANG_WARN__DUPLICATE_METHOD_MATCH = YES;
				COPY_PHASE_STRIP = NO;
				DEBUG_INFORMATION_FORMAT = "dwarf-with-dsym";
				ENABLE_NS_ASSERTIONS = NO;
				ENABLE_STRICT_OBJC_MSGSEND = YES;
				GCC_C_LANGUAGE_STANDARD = gnu11;
				GCC_NO_COMMON_BLOCKS = YES;
				GCC_WARN_64_TO_32_BIT_CONVERSION = YES;
				GCC_WARN_ABOUT_RETURN_TYPE = YES_ERROR;
				GCC_WARN_UNDECLARED_SELECTOR = YES;
				GCC_WARN_UNINITIALIZED_AUTOS = YES_AGGRESSIVE;
				GCC_WARN_UNUSED_FUNCTION = YES;
				GCC_WARN_UNUSED_VARIABLE = YES;
				IPHONEOS_DEPLOYMENT_TARGET = 15.0;
				MTL_ENABLE_DEBUG_INFO = NO;
				MTL_FAST_MATH = YES;
				SDKROOT = iphoneos;
				SWIFT_COMPILATION_MODE = wholemodule;
				SWIFT_OPTIMIZATION_LEVEL = "-O";
				VALIDATE_PRODUCT = YES;
			};
			name = Release;
		};
		25C6CF3E2736B35900963586 /* Debug */ = {
			isa = XCBuildConfiguration;
			buildSettings = {
				ASSETCATALOG_COMPILER_APPICON_NAME = AppIcon;
				ASSETCATALOG_COMPILER_GLOBAL_ACCENT_COLOR_NAME = AccentColor;
				CODE_SIGN_STYLE = Automatic;
				CURRENT_PROJECT_VERSION = 1;
				DEVELOPMENT_TEAM = 3A6JS737Y5;
				GENERATE_INFOPLIST_FILE = YES;
				INFOPLIST_FILE = arworldmap/Info.plist;
				INFOPLIST_KEY_NSCameraUsageDescription = "";
				INFOPLIST_KEY_NSLocationAlwaysAndWhenInUseUsageDescription = "";
				INFOPLIST_KEY_NSLocationWhenInUseUsageDescription = "";
				INFOPLIST_KEY_UIApplicationSupportsIndirectInputEvents = YES;
				INFOPLIST_KEY_UILaunchStoryboardName = LaunchScreen;
				INFOPLIST_KEY_UIMainStoryboardFile = Main;
				INFOPLIST_KEY_UIRequiredDeviceCapabilities = arkit;
				INFOPLIST_KEY_UIStatusBarHidden = YES;
				INFOPLIST_KEY_UISupportedInterfaceOrientations = "UIInterfaceOrientationPortrait UIInterfaceOrientationLandscapeLeft UIInterfaceOrientationLandscapeRight";
				INFOPLIST_KEY_UISupportedInterfaceOrientations_iPad = "UIInterfaceOrientationPortrait UIInterfaceOrientationPortraitUpsideDown UIInterfaceOrientationLandscapeLeft UIInterfaceOrientationLandscapeRight";
				INFOPLIST_KEY_UISupportedInterfaceOrientations_iPhone = "UIInterfaceOrientationPortrait UIInterfaceOrientationLandscapeLeft UIInterfaceOrientationLandscapeRight";
				IPHONEOS_DEPLOYMENT_TARGET = 12.0;
				LD_RUNPATH_SEARCH_PATHS = (
					"$(inherited)",
					"@executable_path/Frameworks",
				);
				MARKETING_VERSION = 1.0;
				PRODUCT_BUNDLE_IDENTIFIER = Fiona.arworldmap;
				PRODUCT_NAME = "$(TARGET_NAME)";
				SWIFT_EMIT_LOC_STRINGS = YES;
				SWIFT_VERSION = 5.0;
				TARGETED_DEVICE_FAMILY = "1,2";
			};
			name = Debug;
		};
		25C6CF3F2736B35900963586 /* Release */ = {
			isa = XCBuildConfiguration;
			buildSettings = {
				ASSETCATALOG_COMPILER_APPICON_NAME = AppIcon;
				ASSETCATALOG_COMPILER_GLOBAL_ACCENT_COLOR_NAME = AccentColor;
				CODE_SIGN_STYLE = Automatic;
				CURRENT_PROJECT_VERSION = 1;
				DEVELOPMENT_TEAM = 3A6JS737Y5;
				GENERATE_INFOPLIST_FILE = YES;
				INFOPLIST_FILE = arworldmap/Info.plist;
				INFOPLIST_KEY_NSCameraUsageDescription = "";
				INFOPLIST_KEY_NSLocationAlwaysAndWhenInUseUsageDescription = "";
				INFOPLIST_KEY_NSLocationWhenInUseUsageDescription = "";
				INFOPLIST_KEY_UIApplicationSupportsIndirectInputEvents = YES;
				INFOPLIST_KEY_UILaunchStoryboardName = LaunchScreen;
				INFOPLIST_KEY_UIMainStoryboardFile = Main;
				INFOPLIST_KEY_UIRequiredDeviceCapabilities = arkit;
				INFOPLIST_KEY_UIStatusBarHidden = YES;
				INFOPLIST_KEY_UISupportedInterfaceOrientations = "UIInterfaceOrientationPortrait UIInterfaceOrientationLandscapeLeft UIInterfaceOrientationLandscapeRight";
				INFOPLIST_KEY_UISupportedInterfaceOrientations_iPad = "UIInterfaceOrientationPortrait UIInterfaceOrientationPortraitUpsideDown UIInterfaceOrientationLandscapeLeft UIInterfaceOrientationLandscapeRight";
				INFOPLIST_KEY_UISupportedInterfaceOrientations_iPhone = "UIInterfaceOrientationPortrait UIInterfaceOrientationLandscapeLeft UIInterfaceOrientationLandscapeRight";
				IPHONEOS_DEPLOYMENT_TARGET = 12.0;
				LD_RUNPATH_SEARCH_PATHS = (
					"$(inherited)",
					"@executable_path/Frameworks",
				);
				MARKETING_VERSION = 1.0;
				PRODUCT_BUNDLE_IDENTIFIER = Fiona.arworldmap;
				PRODUCT_NAME = "$(TARGET_NAME)";
				SWIFT_EMIT_LOC_STRINGS = YES;
				SWIFT_VERSION = 5.0;
				TARGETED_DEVICE_FAMILY = "1,2";
			};
			name = Release;
		};
		25C6CF412736B35900963586 /* Debug */ = {
			isa = XCBuildConfiguration;
			buildSettings = {
				ALWAYS_EMBED_SWIFT_STANDARD_LIBRARIES = YES;
				BUNDLE_LOADER = "$(TEST_HOST)";
				CODE_SIGN_STYLE = Automatic;
				CURRENT_PROJECT_VERSION = 1;
				DEVELOPMENT_TEAM = XTWTN2D87K;
				GENERATE_INFOPLIST_FILE = YES;
				IPHONEOS_DEPLOYMENT_TARGET = 15.0;
				LD_RUNPATH_SEARCH_PATHS = (
					"$(inherited)",
					"@executable_path/Frameworks",
					"@loader_path/Frameworks",
				);
				MARKETING_VERSION = 1.0;
				PRODUCT_BUNDLE_IDENTIFIER = mr.arworldmapTests;
				PRODUCT_NAME = "$(TARGET_NAME)";
				SWIFT_EMIT_LOC_STRINGS = NO;
				SWIFT_VERSION = 5.0;
				TARGETED_DEVICE_FAMILY = "1,2";
				TEST_HOST = "$(BUILT_PRODUCTS_DIR)/arworldmap.app/arworldmap";
			};
			name = Debug;
		};
		25C6CF422736B35900963586 /* Release */ = {
			isa = XCBuildConfiguration;
			buildSettings = {
				ALWAYS_EMBED_SWIFT_STANDARD_LIBRARIES = YES;
				BUNDLE_LOADER = "$(TEST_HOST)";
				CODE_SIGN_STYLE = Automatic;
				CURRENT_PROJECT_VERSION = 1;
				DEVELOPMENT_TEAM = XTWTN2D87K;
				GENERATE_INFOPLIST_FILE = YES;
				IPHONEOS_DEPLOYMENT_TARGET = 15.0;
				LD_RUNPATH_SEARCH_PATHS = (
					"$(inherited)",
					"@executable_path/Frameworks",
					"@loader_path/Frameworks",
				);
				MARKETING_VERSION = 1.0;
				PRODUCT_BUNDLE_IDENTIFIER = mr.arworldmapTests;
				PRODUCT_NAME = "$(TARGET_NAME)";
				SWIFT_EMIT_LOC_STRINGS = NO;
				SWIFT_VERSION = 5.0;
				TARGETED_DEVICE_FAMILY = "1,2";
				TEST_HOST = "$(BUILT_PRODUCTS_DIR)/arworldmap.app/arworldmap";
			};
			name = Release;
		};
		25C6CF442736B35900963586 /* Debug */ = {
			isa = XCBuildConfiguration;
			buildSettings = {
				ALWAYS_EMBED_SWIFT_STANDARD_LIBRARIES = YES;
				CODE_SIGN_STYLE = Automatic;
				CURRENT_PROJECT_VERSION = 1;
				DEVELOPMENT_TEAM = XTWTN2D87K;
				GENERATE_INFOPLIST_FILE = YES;
				LD_RUNPATH_SEARCH_PATHS = (
					"$(inherited)",
					"@executable_path/Frameworks",
					"@loader_path/Frameworks",
				);
				MARKETING_VERSION = 1.0;
				PRODUCT_BUNDLE_IDENTIFIER = mr.arworldmapUITests;
				PRODUCT_NAME = "$(TARGET_NAME)";
				SWIFT_EMIT_LOC_STRINGS = NO;
				SWIFT_VERSION = 5.0;
				TARGETED_DEVICE_FAMILY = "1,2";
				TEST_TARGET_NAME = arworldmap;
			};
			name = Debug;
		};
		25C6CF452736B35900963586 /* Release */ = {
			isa = XCBuildConfiguration;
			buildSettings = {
				ALWAYS_EMBED_SWIFT_STANDARD_LIBRARIES = YES;
				CODE_SIGN_STYLE = Automatic;
				CURRENT_PROJECT_VERSION = 1;
				DEVELOPMENT_TEAM = XTWTN2D87K;
				GENERATE_INFOPLIST_FILE = YES;
				LD_RUNPATH_SEARCH_PATHS = (
					"$(inherited)",
					"@executable_path/Frameworks",
					"@loader_path/Frameworks",
				);
				MARKETING_VERSION = 1.0;
				PRODUCT_BUNDLE_IDENTIFIER = mr.arworldmapUITests;
				PRODUCT_NAME = "$(TARGET_NAME)";
				SWIFT_EMIT_LOC_STRINGS = NO;
				SWIFT_VERSION = 5.0;
				TARGETED_DEVICE_FAMILY = "1,2";
				TEST_TARGET_NAME = arworldmap;
			};
			name = Release;
		};
/* End XCBuildConfiguration section */

/* Begin XCConfigurationList section */
		25C6CF0F2736B35900963586 /* Build configuration list for PBXProject "arworldmap" */ = {
			isa = XCConfigurationList;
			buildConfigurations = (
				25C6CF3B2736B35900963586 /* Debug */,
				25C6CF3C2736B35900963586 /* Release */,
			);
			defaultConfigurationIsVisible = 0;
			defaultConfigurationName = Release;
		};
		25C6CF3D2736B35900963586 /* Build configuration list for PBXNativeTarget "arworldmap" */ = {
			isa = XCConfigurationList;
			buildConfigurations = (
				25C6CF3E2736B35900963586 /* Debug */,
				25C6CF3F2736B35900963586 /* Release */,
			);
			defaultConfigurationIsVisible = 0;
			defaultConfigurationName = Release;
		};
		25C6CF402736B35900963586 /* Build configuration list for PBXNativeTarget "arworldmapTests" */ = {
			isa = XCConfigurationList;
			buildConfigurations = (
				25C6CF412736B35900963586 /* Debug */,
				25C6CF422736B35900963586 /* Release */,
			);
			defaultConfigurationIsVisible = 0;
			defaultConfigurationName = Release;
		};
		25C6CF432736B35900963586 /* Build configuration list for PBXNativeTarget "arworldmapUITests" */ = {
			isa = XCConfigurationList;
			buildConfigurations = (
				25C6CF442736B35900963586 /* Debug */,
				25C6CF452736B35900963586 /* Release */,
			);
			defaultConfigurationIsVisible = 0;
			defaultConfigurationName = Release;
		};
/* End XCConfigurationList section */
	};
	rootObject = 25C6CF0C2736B35900963586 /* Project object */;
}
