PODS:
  - DropDown (2.3.13)
  - SideMenu (6.5.0)

DEPENDENCIES:
  - DropDown
  - SideMenu (~> 6.0)

SPEC REPOS:
  trunk:
    - DropDown
    - SideMenu

SPEC CHECKSUMS:
  DropDown: 8a2116376c1981888557f72ec2ffc9a5e0e456ec
  SideMenu: f583187d21c5b1dd04c72002be544b555a2627a2

PODFILE CHECKSUM: 9a4a4b15d4b41865554721dfd0a458d444690987

COCOAPODS: 1.11.2
